
Microsoft Visual Studio Solution File, Format Version 12.00
# Visual Studio Version 17
VisualStudioVersion = 17.11.35327.3
MinimumVisualStudioVersion = 10.0.40219.1
Project("{FAE04EC0-301F-11D3-BF4B-00C04F79EFBC}") = "Calcutor", "Calcutor\Calcutor.csproj", "{381620B8-779E-40B0-A529-5C09E7930C09}"
EndProject
Global
	GlobalSection(SolutionConfigurationPlatforms) = preSolution
		Debug|Any CPU = Debug|Any CPU
		Release|Any CPU = Release|Any CPU
	EndGlobalSection
	GlobalSection(ProjectConfigurationPlatforms) = postSolution
		{381620B8-779E-40B0-A529-5C09E7930C09}.Debug|Any CPU.ActiveCfg = Debug|Any CPU
		{381620B8-779E-40B0-A529-5C09E7930C09}.Debug|Any CPU.Build.0 = Debug|Any CPU
		{381620B8-779E-40B0-A529-5C09E7930C09}.Release|Any CPU.ActiveCfg = Release|Any CPU
		{381620B8-779E-40B0-A529-5C09E7930C09}.Release|Any CPU.Build.0 = Release|Any CPU
	EndGlobalSection
	GlobalSection(SolutionProperties) = preSolution
		HideSolutionNode = FALSE
	EndGlobalSection
	GlobalSection(ExtensibilityGlobals) = postSolution
		SolutionGuid = {99073B70-C0DB-4523-9F58-7DD423756A3F}
	EndGlobalSection
EndGlobal
